{
  "nodes": {
    "nixpkgs": {
      "locked": {
        "lastModified": 1773628058,
        "narHash": "sha256-hpXH0z3K9xv0fHaje136KY872VT2T5uwxtezlAskQgY=",
        "owner": "NixOS",
        "repo": "nixpkgs",
        "rev": "f8573b9c935cfaa162dd62cc9e75ae2db86f85df",
        "type": "github"
      },
      "original": {
        "owner": "NixOS",
        "ref": "nixpkgs-unstable",
        "repo": "nixpkgs",
        "type": "github"
      }
    },
    "root": {
      "inputs": {
        "nixpkgs": "nixpkgs",
        "rust-overlay": "rust-overlay"
      }
    },
    "rust-overlay": {
      "inputs": {
        "nixpkgs": [
          "nixpkgs"
        ]
      },
      "locked": {
        "lastModified": 1773716879,
        "narHash": "sha256-vXCTasEzzTTd0ZGEuyle20H2hjRom66JeNr7i2ktHD0=",
        "owner": "oxalica",
        "repo": "rust-overlay",
        "rev": "1a9ddeb45c5751b800331363703641b84d1f41f0",
        "type": "github"
      },
      "original": {
        "owner": "oxalica",
        "repo": "rust-overlay",
        "type": "github"
      }
    }
  },
  "root": "root",
  "version": 7
}
